
Microsoft Visual Studio Solution File, Format Version 12.00
# Visual Studio 15
VisualStudioVersion = 15.0.27703.2026
MinimumVisualStudioVersion = 10.0.40219.1
Project("{FAE04EC0-301F-11D3-BF4B-00C04F79EFBC}") = "MqttIntegrationModule", "MqttClient\MqttIntegrationModule.csproj", "{4CC28075-64C0-4880-9E13-1EDD7034BC89}"
EndProject
Project("{9A19103F-16F7-4668-BE54-9A1E7A4F7556}") = "Shared", "..\Core\Shared\Shared.csproj", "{F206941E-4FE6-4CD1-A8A4-B846516E1A16}"
EndProject
Global
	GlobalSection(SolutionConfigurationPlatforms) = preSolution
		Debug|Any CPU = Debug|Any CPU
		Release|Any CPU = Release|Any CPU
	EndGlobalSection
	GlobalSection(ProjectConfigurationPlatforms) = postSolution
		{4CC28075-64C0-4880-9E13-1EDD7034BC89}.Debug|Any CPU.ActiveCfg = Debug|Any CPU
		{4CC28075-64C0-4880-9E13-1EDD7034BC89}.Debug|Any CPU.Build.0 = Debug|Any CPU
		{4CC28075-64C0-4880-9E13-1EDD7034BC89}.Release|Any CPU.ActiveCfg = Release|Any CPU
		{4CC28075-64C0-4880-9E13-1EDD7034BC89}.Release|Any CPU.Build.0 = Release|Any CPU
		{F206941E-4FE6-4CD1-A8A4-B846516E1A16}.Debug|Any CPU.ActiveCfg = Debug|Any CPU
		{F206941E-4FE6-4CD1-A8A4-B846516E1A16}.Debug|Any CPU.Build.0 = Debug|Any CPU
		{F206941E-4FE6-4CD1-A8A4-B846516E1A16}.Release|Any CPU.ActiveCfg = Release|Any CPU
		{F206941E-4FE6-4CD1-A8A4-B846516E1A16}.Release|Any CPU.Build.0 = Release|Any CPU
	EndGlobalSection
	GlobalSection(SolutionProperties) = preSolution
		HideSolutionNode = FALSE
	EndGlobalSection
	GlobalSection(ExtensibilityGlobals) = postSolution
		SolutionGuid = {02A027F5-0B31-44DA-A849-CAD53EB7204C}
	EndGlobalSection
EndGlobal
