
Microsoft Visual Studio Solution File, Format Version 12.00
# Visual Studio Version 16
VisualStudioVersion = 16.0.29613.14
MinimumVisualStudioVersion = 10.0.40219.1
Project("{9A19103F-16F7-4668-BE54-9A1E7A4F7556}") = "Shared", "Shared\Shared.csproj", "{BF1943A1-8B63-4FDB-B075-36D11E905556}"
EndProject
Project("{2150E333-8FDC-42A3-9474-1A3956D46DE8}") = "Solution Items", "Solution Items", "{93798D08-7F59-40D5-AA0E-A7601BEC55C7}"
	ProjectSection(SolutionItems) = preProject
		..\.gitignore = ..\.gitignore
		..\Directory.Build.props = ..\Directory.Build.props
		..\GlobalSuppressions.cs = ..\GlobalSuppressions.cs
		..\LICENSE = ..\LICENSE
		..\LIESMICH.md = ..\LIESMICH.md
		..\README.md = ..\README.md
	EndProjectSection
EndProject
Project("{9A19103F-16F7-4668-BE54-9A1E7A4F7556}") = "IntegrationModule.Mqtt", "IntegrationModule.Mqtt\IntegrationModule.Mqtt.csproj", "{B2FCFDF4-64B2-4E02-BD22-0C55E580FDE9}"
EndProject
Global
	GlobalSection(SolutionConfigurationPlatforms) = preSolution
		Debug|Any CPU = Debug|Any CPU
		Release|Any CPU = Release|Any CPU
	EndGlobalSection
	GlobalSection(ProjectConfigurationPlatforms) = postSolution
		{BF1943A1-8B63-4FDB-B075-36D11E905556}.Debug|Any CPU.ActiveCfg = Debug|Any CPU
		{BF1943A1-8B63-4FDB-B075-36D11E905556}.Debug|Any CPU.Build.0 = Debug|Any CPU
		{BF1943A1-8B63-4FDB-B075-36D11E905556}.Release|Any CPU.ActiveCfg = Release|Any CPU
		{BF1943A1-8B63-4FDB-B075-36D11E905556}.Release|Any CPU.Build.0 = Release|Any CPU
		{B2FCFDF4-64B2-4E02-BD22-0C55E580FDE9}.Debug|Any CPU.ActiveCfg = Debug|Any CPU
		{B2FCFDF4-64B2-4E02-BD22-0C55E580FDE9}.Debug|Any CPU.Build.0 = Debug|Any CPU
		{B2FCFDF4-64B2-4E02-BD22-0C55E580FDE9}.Release|Any CPU.ActiveCfg = Release|Any CPU
		{B2FCFDF4-64B2-4E02-BD22-0C55E580FDE9}.Release|Any CPU.Build.0 = Release|Any CPU
	EndGlobalSection
	GlobalSection(SolutionProperties) = preSolution
		HideSolutionNode = FALSE
	EndGlobalSection
	GlobalSection(ExtensibilityGlobals) = postSolution
		SolutionGuid = {F25801F1-F49D-40AF-BA15-DF70863A22C5}
	EndGlobalSection
EndGlobal
